{
    "_meta": {
        "hash": {
            "sha256": "1d95efa827be3b18821b691ad54663950f0f3a6fd069b59cb7441e26c44b78ab"
        },
        "pipfile-spec": 6,
        "requires": {
            "python_version": "3.4"
        },
        "sources": [
            {
                "name": "pypi",
                "url": "https://pypi.python.org/simple",
                "verify_ssl": true
            }
        ]
    },
    "default": {
        "apiclient": {
            "hashes": [
                "sha256:3436a3b37582427166ef1ddbfb532e8f7a1203fe360332e4db1bd0a13e6b3609"
            ],
            "version": "==1.0.2"
        },
        "dj-config-url": {
            "hashes": [
                "sha256:32b87c85f6359a6a772bd8d5e131640529c4addfc2069918f4eaa8de8ecbb548",
                "sha256:8c411dca3ead2b64786c9ae735ef3085518ff92a79e98e441953b26c47063e3f"
            ],
            "version": "==0.1.1"
        },
        "django": {
            "hashes": [
                "sha256:e4aa221fc52f32074f295fc81486e54d35fe176284d6a19c8bf9acaeddd058b4",
                "sha256:e54667ad305a29f5895f14108127cc79dabebce2e80c7c6cf852a6495de26aa6"
            ],
            "version": "==1.9.5"
        },
        "django-bootstrap3": {
            "hashes": [
                "sha256:796616eaa3e175f423dcd5184358f81cd6ace6d8c67a5578cff6083c44806f4a"
            ],
            "version": "==8.2.1"
        },
        "django-filter": {
            "hashes": [
                "sha256:00cc47935afbbd83260fdd283b0aa790e658d2a71922049f6e467dca8a124537",
                "sha256:7d17547b65216cc5c6fbc04aee55088ccd5917c0775304d96f7017c26c789cd7"
            ],
            "version": "==0.11.0"
        },
        "django-ical": {
            "hashes": [
                "sha256:887458315f14633dd373961f63deb69a4e85d9008f7c1d75f91cdb02c8211155"
            ],
            "version": "==1.4"
        },
        "django-object-actions": {
            "hashes": [
                "sha256:57e67118ea9d7dee7cdfac42fb005fa0e0b087a7bbb9e25f1f2dfd0ddcc24016",
                "sha256:d40d59dc56a63c3118147f95fa1b1ccaff898c50163e81e4991c072beb61d175"
            ],
            "version": "==0.9.0"
        },
        "django-recaptcha": {
            "hashes": [
                "sha256:a69497849934f768966e74b1c87a14363983eb19b890dfb426de04b0d2a19b55",
                "sha256:b9f689da603965fe42e38fb30b6889db0c512f504c535136ca8532b5db12e171"
            ],
            "version": "==1.2.1"
        },
        "djangorestframework": {
            "hashes": [
                "sha256:4f47056ad798103fc9fb049dff8a67a91963bd215d31bad12ad72b891559ab16",
                "sha256:f606f2bb4e9bb320937cb6ccce299991b2d302f5cc705a671dffca491e55935c"
            ],
            "version": "==3.3.3"
        },
        "google-api-python-client": {
            "hashes": [
                "sha256:7b60666c321a3bd0b4b9e383cf44c0f6754b70844344b770ef4a474d775e1cfc",
                "sha256:dec1773cdbd5b322c4fd3c636fb0aac29c44179b86204b4b416151b6b915db0e",
                "sha256:ffb89782c74702bd47d217709741717f0e4812d87f6cea04783f991d3eb51abd"
            ],
            "version": "==1.5.0"
        },
        "gunicorn": {
            "hashes": [
                "sha256:53b58044764ad79d732af18c580b1a54b724adf4d290ec19c4ca78ab22a1ee0d",
                "sha256:c57f1b005a4b90933303c8deed9bedeb509331aa6a0a990023a5796e52bd8988"
            ],
            "version": "==19.4.5"
        },
        "httplib2": {
            "hashes": [
                "sha256:e404d3b7bd86c1bc931906098e7c1305d6a3a6dcef141b8bb1059903abb3ceeb"
            ],
            "version": "==0.10.3"
        },
        "icalendar": {
            "hashes": [
                "sha256:396ad75bc6c7cc23c97c69370a81c001aca06cf99da32e6bb40856ea0bdf7368",
                "sha256:682a42023d3d43a3a83933b4e329d109aabb07c9e11cb94a4d83ca687c3a3e8d"
            ],
            "version": "==4.0.1"
        },
        "markdown": {
            "hashes": [
                "sha256:022239550fb4a84bcc3b3b42dff9a41efc56d773ef17c4f28016dd8f265c82d0",
                "sha256:9a292bb40d6d29abac8024887bcfc1159d7a32dc1d6f1f6e8d6d8e293666c504"
            ],
            "version": "==2.6.6"
        },
        "oauth2client": {
            "hashes": [
                "sha256:53d40b5a2d7fc5d36289f4848a0d763df479ac50ba5fac05424903b9e4caac26"
            ],
            "version": "==2.2.0"
        },
        "olefile": {
            "hashes": [
                "sha256:2b6575f5290de8ab1086f8c5490591f7e0885af682c7c1793bdaf6e64078d385"
            ],
            "version": "==0.45.1"
        },
        "pillow": {
            "hashes": [
                "sha256:0122ea0ebc4290f57e5dfe8227885ff3263eeaf57acaf6a1567eb2b74ca8075a",
                "sha256:1b661661db640dffd4f33d8621ccb84e705749b8ce10903b6f5e9661a730d70c",
                "sha256:20d171b35d0f5a18a300538b77fec2fe1bb1345e81a3eccb44a47a9a289d9006",
                "sha256:2498f309fdbae5282748e699d3b1358a2edbcf5ed5ed3383b8f3f2fa043abae2",
                "sha256:31b74729177b771295867997283739235f07670a62fd424b9a44a4c063c48507",
                "sha256:3591a273b70fed23a49b3896dc0d9727cb802a80c58737d7244b49341ed47acf",
                "sha256:3623153a144a939f63a2045e221ed98290d95c36237569c51578bf01f65067f7",
                "sha256:394a5342d47b2c188ba5158e161a72fdb6d0f6f54f95f54b0b28189baf580031",
                "sha256:3b7b9d9c2cd2564c8552c3bc058a630c48de2fb2b7e28a5d6628e238368026e9",
                "sha256:43277035bb3054a6c02b8be3c743cd44803d9bcd1db35e1608bec21b4eff7869",
                "sha256:4588f7ef61be580ac9c3e838082d28d63ed1c784a7d899a363d63fe432d52eaa",
                "sha256:577c14825df65afa1698dda6913b7c678427210f02c3a850d81046003004b11a",
                "sha256:6adab9c0d524040ad674ab69565f6e0de80fdba63ed05f8b14c21e2a8bb668e5",
                "sha256:7597581ef84f0662b630353a4d649204f271efa9e48b28da664ff4ed90233a50",
                "sha256:7778ed5f4af2b5b2f7842e5a0000b5279e33cbfdc465a466419005cab205fbfa",
                "sha256:88cdb0057f82886147d8c86088f784099dffaed50890400f4cbfe15e82d0583f",
                "sha256:92dad394e6e7762dc1f2a5eb5fd1a2c3564b54812a717b2fdd755dd60deb60ae",
                "sha256:98e3f3267fa1e7d36e49600cd6dcddf024a959a0411971bd3e4d7ba4c2d16d87",
                "sha256:a08c406d1a5e2ce34d79ff98d1125729623cd8f7e76e28ab60891f1410921b07",
                "sha256:a51a91962966efe8872b624ec38dae556c50ca3a4a179dbb322f930146760890",
                "sha256:a57f32a2f09ed61800e687aec0b2eebb095499116f50eff99e27e03ed9a8d776",
                "sha256:b6cf9c210766664b63b034da65845c40fecc3c157bd2832ec3f4fe7e0bb6c2e3",
                "sha256:c2f377c0106cff9d349e18abd27af3cf8379ee28a8b297075c68fc486ec5a890",
                "sha256:de009e7077c56e3f5d1369e0bd66377e2b53d6705790193c595fc7befd95a491",
                "sha256:e24fb802b0ea28eb0a37367287466b98d9599a5d771a5b0091e81102155f542c",
                "sha256:ee26d2d7e7e300f76ba7b796014c04011394d0c4a5ed9a288264a3e443abca50",
                "sha256:ff04a7672239ac913c1a0a320748b612f39c4f5f58ae103888bc8feb771d6942"
            ],
            "version": "==4.0.0"
        },
        "psycopg2": {
            "hashes": [
                "sha256:04a5b2805c620ddecdff33e015631cc8d7ea8dd01e1fcc930bfe002fdc26b9e0",
                "sha256:0bd0b1cf81eb6d74a77199570d5ce097fb3c6b8e57acc1edd328cef5c552f98a",
                "sha256:16482d050db68503abbb693795d75e9fca287a00f662376759825404533ca87c",
                "sha256:279dbf220c94c9f73aefac719ea3b9550ca791389bc9184c15e835516bc8428d",
                "sha256:35d1fec112337c2607c8ca17dee3c2f8455e07dd69d140ff8e86ef1240dace3d",
                "sha256:39369e40bc3e062da5da93ce5f1e7f9bed95e9a60cb6f003d316f2a834722e2d",
                "sha256:3ab693b907b2c7a34c1dca198cfc454516cfd75440fd913bb372da6f70d6db55",
                "sha256:3c99c88216e0fc62113a1177aae9db18a533274370e99a4537b433b87b319360",
                "sha256:3fbba0dd7f3ac458f355dcfc4d7d9cd082c19748e453bcd81bf9d8bc14260c01",
                "sha256:471e3140e1cb241ecb53602cdc98fe305b82c854cfa53c3e343d642683dc96c7",
                "sha256:4cca242df228364b4de6241c54553301856bc253d7f21e15009b11c812eb7b5c",
                "sha256:4d7c872d9c85745964cf8efabba3fb1a6010b345c18d0e2b620509f0444aa729",
                "sha256:4db0de7d6236acbf7d020926489b6c4b98e845ba98df11057f22d54866e26b20",
                "sha256:4fbe2c29f6d4c8d9eac5fc3c42c42036e7cc58e225036130b7713afa72489aac",
                "sha256:604c49bf196c654c417ade1dc765bd23fe9bc3392d9a8c7184a7077142d621b3",
                "sha256:6194e81d8839b636118f5275c53be3c70eb3c3abcf836de675c34b20c06025ea",
                "sha256:891a70235c202158780fc0ab98d7ca2a7ed1625c26725b15119d47b2d852a5c6",
                "sha256:8d2003d23d8fc59f0f0a2e73c13baa41581006b8227a9d82bbdc1aa233285ba4",
                "sha256:99a298b9030f8fd36f885c5d0661e4d5a059136a541bb6c4d7d1100e38da3cd1",
                "sha256:9a0a74a6f20d82c389095c88d4d281e66eb3ffbc09adf543dcec4bec22436569",
                "sha256:9b7b16e26448b43cf167f785d8b5345007731ebf153a510e12dae826800caa65",
                "sha256:a4d7134058e8869d785c0be386cd702fe2a4be14b678d7571a51045e1bbad862",
                "sha256:b7646f7bdb42ba3cf7ef9f500f6514b5e413d25c5b3093d70e6ba52df417a83c",
                "sha256:c939b238cbc18e786909d20277c9f051241696ebb03ca9e3490094f526ce69a7",
                "sha256:df70e0a387b0145a7a80de67d43d84e1c5a24a33bbfaedb96271876d573e5fb6",
                "sha256:e26aca5eb272869fdf8e55111f36026517c1c0799eb7ef1ddf67d4412affe1ef",
                "sha256:e80a1ae04218e854a5d71085f9498c8c979033ca855cedeed3afc5d976c348ce",
                "sha256:ebee4f59803eda1ed4035649469a713818dbf5b6de2e12396edd9fa228727c20",
                "sha256:f07791ee5793621bfaaa844f731529cd72321280f94e8dc3bd4ef524d20f58f2",
                "sha256:f74e50341f45fb9bcd3598c11b5774c3e4349ee38cf15c342cc7075c73ef1f95",
                "sha256:face605eea5826fa36600c04447b61674992bbd5eb177f66f86f61a04436dbd9"
            ],
            "version": "==2.7.3.1"
        },
        "pyasn1": {
            "hashes": [
                "sha256:d258b0a71994f7770599835249cece1caef3c70def868c4915e6e5ca49b67d15",
                "sha256:d5cd6ed995dba16fad0c521cfe31cd2d68400b53fcc2bce93326829be73ab6d1"
            ],
            "version": "==0.4.2"
        },
        "pyasn1-modules": {
            "hashes": [
                "sha256:47fb6757ab78fe966e7c58b2030b546854f78416d653163f0ce9290cf2278e8b",
                "sha256:af00ea8f2022b6287dc375b2c70f31ab5af83989fc6fe9eacd4976ce26cd7ccc"
            ],
            "version": "==0.2.1"
        },
        "python-dateutil": {
            "hashes": [
                "sha256:891c38b2a02f5bb1be3e4793866c8df49c7d19baabf9c1bad62547e0b4866aca",
                "sha256:95511bae634d69bc7329ba55e646499a842bc4ec342ad54a8cdb65645a0aad3c"
            ],
            "version": "==2.6.1"
        },
        "pytz": {
            "hashes": [
                "sha256:07edfc3d4d2705a20a6e99d97f0c4b61c800b8232dc1c04d87e8554f130148dd",
                "sha256:410bcd1d6409026fbaa65d9ed33bf6dd8b1e94a499e32168acfc7b332e4095c0"
            ],
            "version": "==2018.3"
        },
        "rsa": {
            "hashes": [
                "sha256:25df4e10c263fb88b5ace923dd84bf9aa7f5019687b5e55382ffcdb8bede9db5",
                "sha256:43f682fea81c452c98d09fc316aae12de6d30c4b5c84226642cf8f8fd1c93abd"
            ],
            "version": "==3.4.2"
        },
        "simplejson": {
            "hashes": [
                "sha256:194fa08e4047f16e7087f2a406abd15151a482a097e42d8babb1b8181b2232b1",
                "sha256:43dc3082f3a8fd5bb0c80df5a8ab96d81eafeca701615aaa0b01910b1869e678",
                "sha256:44a7e0e117032666d37bcfa42161c7eb27c6ed9100d260e5b25751a6d8d7a2e8",
                "sha256:4c4ecf20e054716cc1e5a81cadc44d3f4027108d8dd0861d8b1e3bd7a32d4f0a",
                "sha256:5539547ba11f4affcdc4890cc85bfdd3f2d7186042d91e9340add98699cc3d50",
                "sha256:6560b68e98aba17afa4e898aab21d06d549738267dbe4d0981a24b4c1db66368",
                "sha256:6cf42bc495f7e3fd25e92912a22f47e439f3a809814103a1b727d373f758915a",
                "sha256:b2e64d1695bcd0d916e8633ab12179bde8d96e8cbd18d9d0c3020409cfaf8091",
                "sha256:b4967af248c1fde0b184d81b2aa9646d96a400342d26f837e772a1dcb11cdc10",
                "sha256:c1347a0d6e90d4a0fd67514c8691346c5cd1ee6039415eba97690f4b5d594915",
                "sha256:cf669980df3a6db918e69920df3eaf52901aa4c007287070a8b6e0da811cd2a2",
                "sha256:ef822f66d932a7ced43844a4684d7bd24c4cc7ebe8030ee7277cf7c033e58a13"
            ],
            "version": "==3.13.2"
        },
        "six": {
            "hashes": [
                "sha256:70e8a77beed4562e7f14fe23a786b54f6296e34344c23bc42f07b15018ff98e9",
                "sha256:832dc0e10feb1aa2c68dcc57dbb658f1c7e65b9b61af69048abc87a2db00a0eb"
            ],
            "version": "==1.11.0"
        },
        "uritemplate": {
            "hashes": [
                "sha256:a30e230aeb7ebedbcb5da9999a17fa8a30e512e6d5b06f73d47c6e03c8e357fd"
            ],
            "version": "==0.6"
        },
        "urllib3": {
            "hashes": [
                "sha256:105b33577a379c1c881821d43b97d1a870f37a8f4904151f56ddeb95b38830ca",
                "sha256:d0a1dc60433f7e9b90b4f085f1d45753174b4594558b29eda0009abe0b82da4c"
            ],
            "version": "==1.15.1"
        },
        "whitenoise": {
            "hashes": [
                "sha256:2537cf2b0c12e1c8beaa23605076344a89d08b686592abffddb6ba13b284a8c6",
                "sha256:bfa7a05d1429b0e452d757b00feb9f866b58a18201bd3567e0b6d597dce7a3f3"
            ],
            "version": "==3.0"
        }
    },
    "develop": {}
}
